{
  "name": "jsmpeg",
  "version": "1.0.0",
  "lockfileVersion": 1,
  "requires": true,
  "dependencies": {
    "commander": {
      "version": "2.13.0",
      "resolved": "https://registry.npmjs.org/commander/-/commander-2.13.0.tgz",
      "integrity": "sha512-MVuS359B+YzaWqjCL/c+22gfryv+mCBPHAv3zyVI2GN8EY6IRP8VwtasXn8jyyhvvq84R4ImN1OKRtcbIasjYA==",
      "dev": true
    },
    "source-map": {
      "version": "0.6.1",
      "resolved": "https://registry.npmjs.org/source-map/-/source-map-0.6.1.tgz",
      "integrity": "sha512-UjgapumWlbMhkBgzT7Ykc5YXUT46F0iKu8SGXq0bcwP5dz/h0Plj6enJqjz1Zbq2l5WaqYnrVbwWOWMyF3F47g==",
      "dev": true
    },
    "uglify-js": {
      "version": "3.3.8",
      "resolved": "https://registry.npmjs.org/uglify-js/-/uglify-js-3.3.8.tgz",
      "integrity": "sha512-X0jAGtpSZRtd4RhbVNuGHyjZNa/h2MrVkKrR3Ew5iL2MJw6d7FmBke+fhVCALWySv1ygHnjjROG1KI1FAPvddw==",
      "dev": true,
      "requires": {
        "commander": "2.13.0",
        "source-map": "0.6.1"
      }
    },
    "uglifyjs": {
      "version": "2.4.11",
      "resolved": "https://registry.npmjs.org/uglifyjs/-/uglifyjs-2.4.11.tgz",
      "integrity": "sha1-NEDWTgRXWViVJEGOtkHGi7kNET4="
    }
  }
}
